
Microsoft Visual Studio Solution File, Format Version 10.00
# Visual Studio 2008
Project("{FAE04EC0-301F-11D3-BF4B-00C04F79EFBC}") = "Visualizer", "Visualizer\Visualizer.csproj", "{0251F686-E89D-4529-82AD-4C8D467C0765}"
EndProject
Project("{2150E333-8FDC-42A3-9474-1A3956D46DE8}") = "Testing", "Testing", "{F4AC6BD8-8B9C-40B8-AE7D-55C695BE988B}"
EndProject
Project("{FAE04EC0-301F-11D3-BF4B-00C04F79EFBC}") = "Sender", "Sender\Sender.csproj", "{55285EE5-B27A-44F4-A22D-8ADD6AB09284}"
EndProject
Project("{FAE04EC0-301F-11D3-BF4B-00C04F79EFBC}") = "Receiver", "Receiver\Receiver.csproj", "{70C434B4-EC61-4050-A6F8-77A846E8B2D6}"
EndProject
Project("{FAE04EC0-301F-11D3-BF4B-00C04F79EFBC}") = "Visualizer.Data", "Visualizer.Data\Visualizer.Data.csproj", "{188C1B70-DD61-4EEA-B733-8379A3866CF2}"
EndProject
Project("{FAE04EC0-301F-11D3-BF4B-00C04F79EFBC}") = "Visualizer.Capturing", "Visualizer.Capturing\Visualizer.Capturing.csproj", "{1A1D9F99-88B7-41A8-A084-8762DC16963C}"
EndProject
Project("{FAE04EC0-301F-11D3-BF4B-00C04F79EFBC}") = "Visualizer.Plotting", "Visualizer.Plotting\Visualizer.Plotting.csproj", "{B86C20E8-6D5D-4110-8333-B4B0EC707862}"
EndProject
Project("{2150E333-8FDC-42A3-9474-1A3956D46DE8}") = "Libraries", "Libraries", "{7B60F588-1AA5-4123-8CCA-1907A036564E}"
EndProject
Project("{FAE04EC0-301F-11D3-BF4B-00C04F79EFBC}") = "Graphics", "Graphics\Graphics.csproj", "{9CFCF6A1-6763-4108-851F-E2A8869968B2}"
EndProject
Project("{FAE04EC0-301F-11D3-BF4B-00C04F79EFBC}") = "Yarp", "Yarp\Yarp.csproj", "{88377E30-410B-40ED-8D90-BE90D7831933}"
EndProject
Project("{FAE04EC0-301F-11D3-BF4B-00C04F79EFBC}") = "Utility", "Utility\Utility.csproj", "{541B6E2D-4AED-4DA5-BB58-5BA7CB9DA1B6}"
EndProject
Project("{2857B73E-F847-4B02-9238-064979017E93}") = "Yarp.Wrapper", "Yarp.Wrapper\Yarp.Wrapper.cproj", "{E8BC2BB2-9CAC-40B2-92E4-0D32F31878D5}"
EndProject
Global
	GlobalSection(SolutionConfigurationPlatforms) = preSolution
		Debug|Any CPU = Debug|Any CPU
		Release|Any CPU = Release|Any CPU
	EndGlobalSection
	GlobalSection(ProjectConfigurationPlatforms) = postSolution
		{0251F686-E89D-4529-82AD-4C8D467C0765}.Debug|Any CPU.ActiveCfg = Debug|Any CPU
		{0251F686-E89D-4529-82AD-4C8D467C0765}.Debug|Any CPU.Build.0 = Debug|Any CPU
		{0251F686-E89D-4529-82AD-4C8D467C0765}.Release|Any CPU.ActiveCfg = Release|Any CPU
		{0251F686-E89D-4529-82AD-4C8D467C0765}.Release|Any CPU.Build.0 = Release|Any CPU
		{55285EE5-B27A-44F4-A22D-8ADD6AB09284}.Debug|Any CPU.ActiveCfg = Debug|Any CPU
		{55285EE5-B27A-44F4-A22D-8ADD6AB09284}.Debug|Any CPU.Build.0 = Debug|Any CPU
		{55285EE5-B27A-44F4-A22D-8ADD6AB09284}.Release|Any CPU.ActiveCfg = Release|Any CPU
		{55285EE5-B27A-44F4-A22D-8ADD6AB09284}.Release|Any CPU.Build.0 = Release|Any CPU
		{70C434B4-EC61-4050-A6F8-77A846E8B2D6}.Debug|Any CPU.ActiveCfg = Debug|Any CPU
		{70C434B4-EC61-4050-A6F8-77A846E8B2D6}.Debug|Any CPU.Build.0 = Debug|Any CPU
		{70C434B4-EC61-4050-A6F8-77A846E8B2D6}.Release|Any CPU.ActiveCfg = Release|Any CPU
		{70C434B4-EC61-4050-A6F8-77A846E8B2D6}.Release|Any CPU.Build.0 = Release|Any CPU
		{188C1B70-DD61-4EEA-B733-8379A3866CF2}.Debug|Any CPU.ActiveCfg = Debug|Any CPU
		{188C1B70-DD61-4EEA-B733-8379A3866CF2}.Debug|Any CPU.Build.0 = Debug|Any CPU
		{188C1B70-DD61-4EEA-B733-8379A3866CF2}.Release|Any CPU.ActiveCfg = Release|Any CPU
		{188C1B70-DD61-4EEA-B733-8379A3866CF2}.Release|Any CPU.Build.0 = Release|Any CPU
		{1A1D9F99-88B7-41A8-A084-8762DC16963C}.Debug|Any CPU.ActiveCfg = Debug|Any CPU
		{1A1D9F99-88B7-41A8-A084-8762DC16963C}.Debug|Any CPU.Build.0 = Debug|Any CPU
		{1A1D9F99-88B7-41A8-A084-8762DC16963C}.Release|Any CPU.ActiveCfg = Release|Any CPU
		{1A1D9F99-88B7-41A8-A084-8762DC16963C}.Release|Any CPU.Build.0 = Release|Any CPU
		{B86C20E8-6D5D-4110-8333-B4B0EC707862}.Debug|Any CPU.ActiveCfg = Debug|Any CPU
		{B86C20E8-6D5D-4110-8333-B4B0EC707862}.Debug|Any CPU.Build.0 = Debug|Any CPU
		{B86C20E8-6D5D-4110-8333-B4B0EC707862}.Release|Any CPU.ActiveCfg = Release|Any CPU
		{B86C20E8-6D5D-4110-8333-B4B0EC707862}.Release|Any CPU.Build.0 = Release|Any CPU
		{9CFCF6A1-6763-4108-851F-E2A8869968B2}.Debug|Any CPU.ActiveCfg = Debug|Any CPU
		{9CFCF6A1-6763-4108-851F-E2A8869968B2}.Debug|Any CPU.Build.0 = Debug|Any CPU
		{9CFCF6A1-6763-4108-851F-E2A8869968B2}.Release|Any CPU.ActiveCfg = Release|Any CPU
		{9CFCF6A1-6763-4108-851F-E2A8869968B2}.Release|Any CPU.Build.0 = Release|Any CPU
		{88377E30-410B-40ED-8D90-BE90D7831933}.Debug|Any CPU.ActiveCfg = Debug|Any CPU
		{88377E30-410B-40ED-8D90-BE90D7831933}.Debug|Any CPU.Build.0 = Debug|Any CPU
		{88377E30-410B-40ED-8D90-BE90D7831933}.Release|Any CPU.ActiveCfg = Release|Any CPU
		{88377E30-410B-40ED-8D90-BE90D7831933}.Release|Any CPU.Build.0 = Release|Any CPU
		{541B6E2D-4AED-4DA5-BB58-5BA7CB9DA1B6}.Debug|Any CPU.ActiveCfg = Debug|Any CPU
		{541B6E2D-4AED-4DA5-BB58-5BA7CB9DA1B6}.Debug|Any CPU.Build.0 = Debug|Any CPU
		{541B6E2D-4AED-4DA5-BB58-5BA7CB9DA1B6}.Release|Any CPU.ActiveCfg = Release|Any CPU
		{541B6E2D-4AED-4DA5-BB58-5BA7CB9DA1B6}.Release|Any CPU.Build.0 = Release|Any CPU
		{E8BC2BB2-9CAC-40B2-92E4-0D32F31878D5}.Debug|Any CPU.ActiveCfg = Debug|Any CPU
		{E8BC2BB2-9CAC-40B2-92E4-0D32F31878D5}.Debug|Any CPU.Build.0 = Debug|Any CPU
		{E8BC2BB2-9CAC-40B2-92E4-0D32F31878D5}.Release|Any CPU.ActiveCfg = Release|Any CPU
		{E8BC2BB2-9CAC-40B2-92E4-0D32F31878D5}.Release|Any CPU.Build.0 = Release|Any CPU
	EndGlobalSection
	GlobalSection(SolutionProperties) = preSolution
		HideSolutionNode = FALSE
	EndGlobalSection
	GlobalSection(NestedProjects) = preSolution
		{55285EE5-B27A-44F4-A22D-8ADD6AB09284} = {F4AC6BD8-8B9C-40B8-AE7D-55C695BE988B}
		{70C434B4-EC61-4050-A6F8-77A846E8B2D6} = {F4AC6BD8-8B9C-40B8-AE7D-55C695BE988B}
		{9CFCF6A1-6763-4108-851F-E2A8869968B2} = {7B60F588-1AA5-4123-8CCA-1907A036564E}
		{88377E30-410B-40ED-8D90-BE90D7831933} = {7B60F588-1AA5-4123-8CCA-1907A036564E}
		{541B6E2D-4AED-4DA5-BB58-5BA7CB9DA1B6} = {7B60F588-1AA5-4123-8CCA-1907A036564E}
		{E8BC2BB2-9CAC-40B2-92E4-0D32F31878D5} = {7B60F588-1AA5-4123-8CCA-1907A036564E}
	EndGlobalSection
	GlobalSection(MonoDevelopProperties) = preSolution
		description = An application that can be used to plot, capture and replay streams received on Yarp ports.
		version = 0.9
		StartupItem = Visualizer\Visualizer.csproj
	EndGlobalSection
EndGlobal
